
Microsoft Visual Studio Solution File, Format Version 12.00
# Visual Studio Version 17
VisualStudioVersion = 17.5.33530.505
MinimumVisualStudioVersion = 10.0.40219.1
Project("{FAE04EC0-301F-11D3-BF4B-00C04F79EFBC}") = "FXAPIV1", "FXAPIV1.csproj", "{4573048D-E8A8-412A-9310-950C0AC487BA}"
EndProject
Global
	GlobalSection(SolutionConfigurationPlatforms) = preSolution
		Debug|Any CPU = Debug|Any CPU
		Release|Any CPU = Release|Any CPU
	EndGlobalSection
	GlobalSection(ProjectConfigurationPlatforms) = postSolution
		{4573048D-E8A8-412A-9310-950C0AC487BA}.Debug|Any CPU.ActiveCfg = Debug|Any CPU
		{4573048D-E8A8-412A-9310-950C0AC487BA}.Debug|Any CPU.Build.0 = Debug|Any CPU
		{4573048D-E8A8-412A-9310-950C0AC487BA}.Release|Any CPU.ActiveCfg = Release|Any CPU
		{4573048D-E8A8-412A-9310-950C0AC487BA}.Release|Any CPU.Build.0 = Release|Any CPU
	EndGlobalSection
	GlobalSection(SolutionProperties) = preSolution
		HideSolutionNode = FALSE
	EndGlobalSection
	GlobalSection(ExtensibilityGlobals) = postSolution
		SolutionGuid = {B958E977-FA1D-4A83-9575-809C48ED0F1A}
	EndGlobalSection
EndGlobal
